Microsoft Visual Studio Solution File, Format Version 11.00
# Visual Studio 2008

Project("{65FA35D0-109C-388A-9E12-EFFE91976158}") = "E07 Character Controller", "Assembly-CSharp.csproj", "{F2DAC180-B9E0-01DB-B0CF-C9330109D7B9}"
EndProject
Global
	GlobalSection(SolutionConfigurationPlatforms) = preSolution
		Debug|Any CPU = Debug|Any CPU
		Release|Any CPU = Release|Any CPU
	EndGlobalSection
	GlobalSection(ProjectConfigurationPlatforms) = postSolution
		{F2DAC180-B9E0-01DB-B0CF-C9330109D7B9}.Debug|Any CPU.ActiveCfg = Debug|Any CPU
		{F2DAC180-B9E0-01DB-B0CF-C9330109D7B9}.Debug|Any CPU.Build.0 = Debug|Any CPU
		{F2DAC180-B9E0-01DB-B0CF-C9330109D7B9}.Release|Any CPU.ActiveCfg = Release|Any CPU
		{F2DAC180-B9E0-01DB-B0CF-C9330109D7B9}.Release|Any CPU.Build.0 = Release|Any CPU
	EndGlobalSection
	GlobalSection(SolutionProperties) = preSolution
		HideSolutionNode = FALSE
	EndGlobalSection
	GlobalSection(MonoDevelopProperties) = preSolution
		StartupItem = Assembly-CSharp.csproj
	EndGlobalSection
EndGlobal
